Microsoft Visual Studio Solution File, Format Version 11.00
# Visual Studio 2008

Project("{B1698C55-B5D5-9A33-9AE6-524C7B319C43}") = "ludumdare35", "Assembly-CSharp.csproj", "{6AA93212-C7DB-E2EB-AF23-EEDDEADE6904}"
EndProject
Global
	GlobalSection(SolutionConfigurationPlatforms) = preSolution
		Debug|Any CPU = Debug|Any CPU
		Release|Any CPU = Release|Any CPU
	EndGlobalSection
	GlobalSection(ProjectConfigurationPlatforms) = postSolution
		{6AA93212-C7DB-E2EB-AF23-EEDDEADE6904}.Debug|Any CPU.ActiveCfg = Debug|Any CPU
		{6AA93212-C7DB-E2EB-AF23-EEDDEADE6904}.Debug|Any CPU.Build.0 = Debug|Any CPU
		{6AA93212-C7DB-E2EB-AF23-EEDDEADE6904}.Release|Any CPU.ActiveCfg = Release|Any CPU
		{6AA93212-C7DB-E2EB-AF23-EEDDEADE6904}.Release|Any CPU.Build.0 = Release|Any CPU
	EndGlobalSection
	GlobalSection(SolutionProperties) = preSolution
		HideSolutionNode = FALSE
	EndGlobalSection
	GlobalSection(MonoDevelopProperties) = preSolution
		StartupItem = Assembly-CSharp.csproj
	EndGlobalSection
EndGlobal
